
Microsoft Visual Studio Solution File, Format Version 12.00
# Visual Studio 15
VisualStudioVersion = 15.0.27130.2036
MinimumVisualStudioVersion = 10.0.40219.1
Project("{FAE04EC0-301F-11D3-BF4B-00C04F79EFBC}") = "akswebapi", "akswebapi\akswebapi.csproj", "{94292667-A716-4505-B7CC-D335B05D8A7E}"
EndProject
Project("{E53339B2-1760-4266-BCC7-CA923CBCF16C}") = "docker-compose", "docker-compose.dcproj", "{39035856-8F40-4C6C-BFB2-3C3F1BB15904}"
EndProject
Global
	GlobalSection(SolutionConfigurationPlatforms) = preSolution
		Debug|Any CPU = Debug|Any CPU
		Release|Any CPU = Release|Any CPU
	EndGlobalSection
	GlobalSection(ProjectConfigurationPlatforms) = postSolution
		{94292667-A716-4505-B7CC-D335B05D8A7E}.Debug|Any CPU.ActiveCfg = Debug|Any CPU
		{94292667-A716-4505-B7CC-D335B05D8A7E}.Debug|Any CPU.Build.0 = Debug|Any CPU
		{94292667-A716-4505-B7CC-D335B05D8A7E}.Release|Any CPU.ActiveCfg = Release|Any CPU
		{94292667-A716-4505-B7CC-D335B05D8A7E}.Release|Any CPU.Build.0 = Release|Any CPU
		{39035856-8F40-4C6C-BFB2-3C3F1BB15904}.Debug|Any CPU.ActiveCfg = Debug|Any CPU
		{39035856-8F40-4C6C-BFB2-3C3F1BB15904}.Debug|Any CPU.Build.0 = Debug|Any CPU
		{39035856-8F40-4C6C-BFB2-3C3F1BB15904}.Release|Any CPU.ActiveCfg = Release|Any CPU
		{39035856-8F40-4C6C-BFB2-3C3F1BB15904}.Release|Any CPU.Build.0 = Release|Any CPU
	EndGlobalSection
	GlobalSection(SolutionProperties) = preSolution
		HideSolutionNode = FALSE
	EndGlobalSection
	GlobalSection(ExtensibilityGlobals) = postSolution
		SolutionGuid = {463983A8-5832-4286-BA58-E245D7D5B710}
	EndGlobalSection
EndGlobal
